
Microsoft Visual Studio Solution File, Format Version 12.00
# Visual Studio 15
VisualStudioVersion = 15.0.27130.2010
MinimumVisualStudioVersion = 10.0.40219.1
Project("{FAE04EC0-301F-11D3-BF4B-00C04F79EFBC}") = "HolidayHouse", "HolidayHouse\HolidayHouse.csproj", "{C218E0DB-758A-4284-B603-CD398674934A}"
EndProject
Global
	GlobalSection(SolutionConfigurationPlatforms) = preSolution
		Debug|Any CPU = Debug|Any CPU
		Release|Any CPU = Release|Any CPU
	EndGlobalSection
	GlobalSection(ProjectConfigurationPlatforms) = postSolution
		{C218E0DB-758A-4284-B603-CD398674934A}.Debug|Any CPU.ActiveCfg = Debug|Any CPU
		{C218E0DB-758A-4284-B603-CD398674934A}.Debug|Any CPU.Build.0 = Debug|Any CPU
		{C218E0DB-758A-4284-B603-CD398674934A}.Debug|Any CPU.Deploy.0 = Debug|Any CPU
		{C218E0DB-758A-4284-B603-CD398674934A}.Release|Any CPU.ActiveCfg = Release|Any CPU
		{C218E0DB-758A-4284-B603-CD398674934A}.Release|Any CPU.Build.0 = Release|Any CPU
		{C218E0DB-758A-4284-B603-CD398674934A}.Release|Any CPU.Deploy.0 = Release|Any CPU
	EndGlobalSection
	GlobalSection(SolutionProperties) = preSolution
		HideSolutionNode = FALSE
	EndGlobalSection
	GlobalSection(ExtensibilityGlobals) = postSolution
		SolutionGuid = {7E89DEBC-4716-43AC-8997-2C8516C8FF4A}
	EndGlobalSection
EndGlobal
